schema: '2.0'
stages:
  prepare_lidar:
    cmd: python src/steps/prepare_lidar.py data/aoi/aoiTEST.shp data/lidar data/prepared/lidar
    deps:
    - path: data/aoi
      hash: md5
      md5: f27b76eb06e15064504b2822d2a008b9.dir
      size: 1093
      nfiles: 6
    - path: data/lidar
      hash: md5
      md5: 5816648f8ffe2821794d09f4126e3b22.dir
      size: 2877268127
      nfiles: 9
    - path: src/steps/prepare_lidar.py
      hash: md5
      md5: 500611c26ef8a7851c225238cbcdaf8d
      size: 5457
    outs:
    - path: data/prepared/lidar
      hash: md5
      md5: cbd5c504f1163e0c724f679d68cb9664.dir
      size: 29687993
      nfiles: 10
  prepare_imagery:
    cmd: python src/steps/prepare_imagery.py data/prepared/lidar/subset.csv data/imagery
      data/prepared/imagery
    deps:
    - path: data/imagery
      hash: md5
      md5: 3da288053f1df643d88c6076d621835c.dir
      size: 1516556490
      nfiles: 22
    - path: data/prepared/lidar
      hash: md5
      md5: cbd5c504f1163e0c724f679d68cb9664.dir
      size: 29687993
      nfiles: 10
    - path: src/steps/prepare_imagery.py
      hash: md5
      md5: 2c83c2d4dc1e0f9aa3bdfe427b5c19c7
      size: 5548
    outs:
    - path: data/prepared/imagery
      hash: md5
      md5: ca760cb5e52834cbed0406e12f30df5b.dir
      size: 30392587
      nfiles: 1
  split:
    cmd: python src/steps/split.py data/prepared/imagery/subset_raster.csv data/split
    deps:
    - path: data/prepared/imagery
      hash: md5
      md5: ca760cb5e52834cbed0406e12f30df5b.dir
      size: 30392587
      nfiles: 1
    - path: src/steps/split.py
      hash: md5
      md5: 61daa7a53d9ff7ee5fb95cd7c7f7f0be
      size: 1409
    outs:
    - path: data/split
      hash: md5
      md5: a96787db75efae4859fb4bc4f597692b.dir
      size: 5076294
      nfiles: 4
  train:
    cmd: python src/steps/train.py data/split data/model
    deps:
    - path: data/split
      hash: md5
      md5: a96787db75efae4859fb4bc4f597692b.dir
      size: 5076294
      nfiles: 4
    - path: src/steps/train.py
      hash: md5
      md5: 89d9b00a19600a55befe653602b98275
      size: 2644
    outs:
    - path: data/model
      hash: md5
      md5: 7318a0f8e19b8a29af92fc407161f69f.dir
      size: 57222302
      nfiles: 1
  evaluate:
    cmd: python src/steps/evaluate.py data/split data/model/stacking.pkl data/evaluate
    deps:
    - path: data/model
      hash: md5
      md5: 7318a0f8e19b8a29af92fc407161f69f.dir
      size: 57222302
      nfiles: 1
    - path: data/split
      hash: md5
      md5: a96787db75efae4859fb4bc4f597692b.dir
      size: 5076294
      nfiles: 4
    - path: src/steps/evaluate.py
      hash: md5
      md5: a469011097db66f82da815c64155d8a4
      size: 951
    outs:
    - path: data/evaluate
      hash: md5
      md5: aa5791f49aab2ad5ac8ca99d21e04ab9.dir
      size: 29
      nfiles: 1
  deepchecks_validation:
    cmd: python src/steps/deepchecks_validation.py data/split data/deepchecks_validation
    deps:
    - path: data/split
      hash: md5
      md5: a96787db75efae4859fb4bc4f597692b.dir
      size: 5076294
      nfiles: 4
    - path: src/steps/deepchecks_validation.py
      hash: md5
      md5: 2dbf688589efbba9c8b0fe93ec563be5
      size: 1971
    outs:
    - path: data/deepchecks_validation
      hash: md5
      md5: 1d377eed97f57518197fb904cff4df60.dir
      size: 23158102
      nfiles: 3
